
Microsoft Visual Studio Solution File, Format Version 12.00
# Visual Studio 2012
Project("{FAE04EC0-301F-11D3-BF4B-00C04F79EFBC}") = "AXSH2", "..\AXSH2\AXSH2\AXSH2.csproj", "{713A311A-D379-4E29-A3B5-FD719ACD6BF8}"
EndProject
Project("{FAE04EC0-301F-11D3-BF4B-00C04F79EFBC}") = "AXSH", "AXSH\AXSH.csproj", "{F2B377C3-B56E-4DE2-8057-C4C8E4217941}"
EndProject
Global
	GlobalSection(SolutionConfigurationPlatforms) = preSolution
		Debug|Any CPU = Debug|Any CPU
		Release|Any CPU = Release|Any CPU
	EndGlobalSection
	GlobalSection(ProjectConfigurationPlatforms) = postSolution
		{713A311A-D379-4E29-A3B5-FD719ACD6BF8}.Debug|Any CPU.ActiveCfg = Debug|Any CPU
		{713A311A-D379-4E29-A3B5-FD719ACD6BF8}.Debug|Any CPU.Build.0 = Debug|Any CPU
		{713A311A-D379-4E29-A3B5-FD719ACD6BF8}.Release|Any CPU.ActiveCfg = Release|Any CPU
		{713A311A-D379-4E29-A3B5-FD719ACD6BF8}.Release|Any CPU.Build.0 = Release|Any CPU
		{F2B377C3-B56E-4DE2-8057-C4C8E4217941}.Debug|Any CPU.ActiveCfg = Debug|Any CPU
		{F2B377C3-B56E-4DE2-8057-C4C8E4217941}.Debug|Any CPU.Build.0 = Debug|Any CPU
		{F2B377C3-B56E-4DE2-8057-C4C8E4217941}.Release|Any CPU.ActiveCfg = Release|Any CPU
		{F2B377C3-B56E-4DE2-8057-C4C8E4217941}.Release|Any CPU.Build.0 = Release|Any CPU
	EndGlobalSection
	GlobalSection(SolutionProperties) = preSolution
		HideSolutionNode = FALSE
	EndGlobalSection
EndGlobal
